{
  "version": "5",
  "specifiers": {
    "jsr:@hono/hono@^4.12.24": "4.12.26",
    "jsr:@std/cli@^1.0.30": "1.0.30",
    "jsr:@std/fmt@^1.0.10": "1.0.10",
    "jsr:@std/internal@^1.0.14": "1.0.14"
  },
  "jsr": {
    "@hono/hono@4.12.26": {
      "integrity": "f473c70caaa2bb4aad40354195aef58a58c685692d701e1349d1abbf08da22bd"
    },
    "@std/cli@1.0.30": {
      "integrity": "769446536522d0417d7127ebcabcafac1ab0ce6766d0eb3fca1d36326fe98d13",
      "dependencies": [
        "jsr:@std/fmt",
        "jsr:@std/internal"
      ]
    },
    "@std/fmt@1.0.10": {
      "integrity": "90dfba288802ac6de82fb31d0917eb9e4450b9925b954d5e51fc29ac07419db5"
    },
    "@std/internal@1.0.14": {
      "integrity": "291516b3d4c35024d6ffbc0a9df5bf4c64116e05b50012cf846710152d2ffdf7"
    }
  },
  "workspace": {
    "dependencies": [
      "jsr:@hono/hono@^4.12.24",
      "jsr:@std/cli@^1.0.30",
      "jsr:@std/fmt@^1.0.10"
    ]
  }
}
